// !$*UTF8*$!
{
	archiveVersion = 1;
	classes = {
	};
	objectVersion = 48;
	objects = {

/* Begin PBXBuildFile section */
		6658474C1EF03FDF00045A0D /* AppDelegate.swift in Sources */ = {isa = PBXBuildFile; fileRef = 6658474B1EF03FDF00045A0D /* AppDelegate.swift */; };
		6658474E1EF03FDF00045A0D /* ViewController.swift in Sources */ = {isa = PBXBuildFile; fileRef = 6658474D1EF03FDF00045A0D /* ViewController.swift */; };
		665847511EF03FDF00045A0D /* Main.storyboard in Resources */ = {isa = PBXBuildFile; fileRef = 6658474F1EF03FDF00045A0D /* Main.storyboard */; };
		665847531EF03FDF00045A0D /* Assets.xcassets in Resources */ = {isa = PBXBuildFile; fileRef = 665847521EF03FDF00045A0D /* Assets.xcassets */; };
		665847561EF03FDF00045A0D /* LaunchScreen.storyboard in Resources */ = {isa = PBXBuildFile; fileRef = 665847541EF03FDF00045A0D /* LaunchScreen.storyboard */; };
		6658475E1EF040DC00045A0D /* Inceptionv3.mlmodel in Sources */ = {isa = PBXBuildFile; fileRef = 6658475D1EF040DC00045A0D /* Inceptionv3.mlmodel */; };
/* End PBXBuildFile section */

/* Begin PBXFileReference section */
		665847481EF03FDF00045A0D /* CoreML-Vision-Classification.app */ = {isa = PBXFileReference; explicitFileType = wrapper.application; includeInIndex = 0; path = "CoreML-Vision-Classification.app"; sourceTree = BUILT_PRODUCTS_DIR; };
		6658474B1EF03FDF00045A0D /* AppDelegate.swift */ = {isa = PBXFileReference; lastKnownFileType = sourcecode.swift; path = AppDelegate.swift; sourceTree = "<group>"; };
		6658474D1EF03FDF00045A0D /* ViewController.swift */ = {isa = PBXFileReference; lastKnownFileType = sourcecode.swift; path = ViewController.swift; sourceTree = "<group>"; };
		665847501EF03FDF00045A0D /* Base */ = {isa = PBXFileReference; lastKnownFileType = file.storyboard; name = Base; path = Base.lproj/Main.storyboard; sourceTree = "<group>"; };
		665847521EF03FDF00045A0D /* Assets.xcassets */ = {isa = PBXFileReference; lastKnownFileType = folder.assetcatalog; path = Assets.xcassets; sourceTree = "<group>"; };
		665847551EF03FDF00045A0D /* Base */ = {isa = PBXFileReference; lastKnownFileType = file.storyboard; name = Base; path = Base.lproj/LaunchScreen.storyboard; sourceTree = "<group>"; };
		665847571EF03FDF00045A0D /* Info.plist */ = {isa = PBXFileReference; lastKnownFileType = text.plist.xml; path = Info.plist; sourceTree = "<group>"; };
		6658475D1EF040DC00045A0D /* Inceptionv3.mlmodel */ = {isa = PBXFileReference; lastKnownFileType = file.mlmodel; name = Inceptionv3.mlmodel; path = ../../../../Downloads/Inceptionv3.mlmodel; sourceTree = "<group>"; };
		66A324D61EF0CC0300DCAB16 /* README.md */ = {isa = PBXFileReference; lastKnownFileType = net.daringfireball.markdown; path = README.md; sourceTree = "<group>"; };
/* End PBXFileReference section */

/* Begin PBXFrameworksBuildPhase section */
		665847451EF03FDF00045A0D /* Frameworks */ = {
			isa = PBXFrameworksBuildPhase;
			buildActionMask = 2147483647;
			files = (
			);
			runOnlyForDeploymentPostprocessing = 0;
		};
/* End PBXFrameworksBuildPhase section */

/* Begin PBXGroup section */
		6658473F1EF03FDF00045A0D = {
			isa = PBXGroup;
			children = (
				66A324D61EF0CC0300DCAB16 /* README.md */,
				6658474A1EF03FDF00045A0D /* CoreML-Vision-Classification */,
				665847491EF03FDF00045A0D /* Products */,
			);
			sourceTree = "<group>";
		};
		665847491EF03FDF00045A0D /* Products */ = {
			isa = PBXGroup;
			children = (
				665847481EF03FDF00045A0D /* CoreML-Vision-Classification.app */,
			);
			name = Products;
			sourceTree = "<group>";
		};
		6658474A1EF03FDF00045A0D /* CoreML-Vision-Classification */ = {
			isa = PBXGroup;
			children = (
				6658474B1EF03FDF00045A0D /* AppDelegate.swift */,
				6658474D1EF03FDF00045A0D /* ViewController.swift */,
				6658474F1EF03FDF00045A0D /* Main.storyboard */,
				665847521EF03FDF00045A0D /* Assets.xcassets */,
				665847541EF03FDF00045A0D /* LaunchScreen.storyboard */,
				665847571EF03FDF00045A0D /* Info.plist */,
				6658475D1EF040DC00045A0D /* Inceptionv3.mlmodel */,
			);
			path = "CoreML-Vision-Classification";
			sourceTree = "<group>";
		};
/* End PBXGroup section */

/* Begin PBXNativeTarget section */
		665847471EF03FDF00045A0D /* CoreML-Vision-Classification */ = {
			isa = PBXNativeTarget;
			buildConfigurationList = 6658475A1EF03FDF00045A0D /* Build configuration list for PBXNativeTarget "CoreML-Vision-Classification" */;
			buildPhases = (
				665847441EF03FDF00045A0D /* Sources */,
				665847451EF03FDF00045A0D /* Frameworks */,
				665847461EF03FDF00045A0D /* Resources */,
			);
			buildRules = (
			);
			dependencies = (
			);
			name = "CoreML-Vision-Classification";
			productName = "CoreML-Vision-Classification";
			productReference = 665847481EF03FDF00045A0D /* CoreML-Vision-Classification.app */;
			productType = "com.apple.product-type.application";
		};
/* End PBXNativeTarget section */

/* Begin PBXProject section */
		665847401EF03FDF00045A0D /* Project object */ = {
			isa = PBXProject;
			attributes = {
				LastSwiftUpdateCheck = 0900;
				LastUpgradeCheck = 0900;
				ORGANIZATIONNAME = "L4 Digital";
				TargetAttributes = {
					665847471EF03FDF00045A0D = {
						CreatedOnToolsVersion = 9.0;
					};
				};
			};
			buildConfigurationList = 665847431EF03FDF00045A0D /* Build configuration list for PBXProject "CoreML-Vision-Classification" */;
			compatibilityVersion = "Xcode 8.0";
			developmentRegion = en;
			hasScannedForEncodings = 0;
			knownRegions = (
				en,
				Base,
			);
			mainGroup = 6658473F1EF03FDF00045A0D;
			productRefGroup = 665847491EF03FDF00045A0D /* Products */;
			projectDirPath = "";
			projectRoot = "";
			targets = (
				665847471EF03FDF00045A0D /* CoreML-Vision-Classification */,
			);
		};
/* End PBXProject section */

/* Begin PBXResourcesBuildPhase section */
		665847461EF03FDF00045A0D /* Resources */ = {
			isa = PBXResourcesBuildPhase;
			buildActionMask = 2147483647;
			files = (
				665847561EF03FDF00045A0D /* LaunchScreen.storyboard in Resources */,
				665847531EF03FDF00045A0D /* Assets.xcassets in Resources */,
				665847511EF03FDF00045A0D /* Main.storyboard in Resources */,
			);
			runOnlyForDeploymentPostprocessing = 0;
		};
/* End PBXResourcesBuildPhase section */

/* Begin PBXSourcesBuildPhase section */
		665847441EF03FDF00045A0D /* Sources */ = {
			isa = PBXSourcesBuildPhase;
			buildActionMask = 2147483647;
			files = (
				6658474E1EF03FDF00045A0D /* ViewController.swift in Sources */,
				6658475E1EF040DC00045A0D /* Inceptionv3.mlmodel in Sources */,
				6658474C1EF03FDF00045A0D /* AppDelegate.swift in Sources */,
			);
			runOnlyForDeploymentPostprocessing = 0;
		};
/* End PBXSourcesBuildPhase section */

/* Begin PBXVariantGroup section */
		6658474F1EF03FDF00045A0D /* Main.storyboard */ = {
			isa = PBXVariantGroup;
			children = (
				665847501EF03FDF00045A0D /* Base */,
			);
			name = Main.storyboard;
			sourceTree = "<group>";
		};
		665847541EF03FDF00045A0D /* LaunchScreen.storyboard */ = {
			isa = PBXVariantGroup;
			children = (
				665847551EF03FDF00045A0D /* Base */,
			);
			name = LaunchScreen.storyboard;
			sourceTree = "<group>";
		};
/* End PBXVariantGroup section */

/* Begin XCBuildConfiguration section */
		665847581EF03FDF00045A0D /* Debug */ = {
			isa = XCBuildConfiguration;
			buildSettings = {
				ALWAYS_SEARCH_USER_PATHS = NO;
				CLANG_ANALYZER_NONNULL = YES;
				CLANG_ANALYZER_NUMBER_OBJECT_CONVERSION = YES_AGGRESSIVE;
				CLANG_CXX_LANGUAGE_STANDARD = "gnu++14";
				CLANG_CXX_LIBRARY = "libc++";
				CLANG_ENABLE_MODULES = YES;
				CLANG_ENABLE_OBJC_ARC = YES;
				CLANG_WARN_BLOCK_CAPTURE_AUTORELEASING = YES;
				CLANG_WARN_BOOL_CONVERSION = YES;
				CLANG_WARN_COMMA = YES;
				CLANG_WARN_CONSTANT_CONVERSION = YES;
				CLANG_WARN_DIRECT_OBJC_ISA_USAGE = YES_ERROR;
				CLANG_WARN_DOCUMENTATION_COMMENTS = YES;
				CLANG_WARN_EMPTY_BODY = YES;
				CLANG_WARN_ENUM_CONVERSION = YES;
				CLANG_WARN_INFINITE_RECURSION = YES;
				CLANG_WARN_INT_CONVERSION = YES;
				CLANG_WARN_OBJC_ROOT_CLASS = YES_ERROR;
				CLANG_WARN_RANGE_LOOP_ANALYSIS = YES;
				CLANG_WARN_STRICT_PROTOTYPES = YES;
				CLANG_WARN_SUSPICIOUS_MOVE = YES;
				CLANG_WARN_UNGUARDED_AVAILABILITY = YES_AGGRESSIVE;
				CLANG_WARN_UNREACHABLE_CODE = YES;
				CLANG_WARN__DUPLICATE_METHOD_MATCH = YES;
				CODE_SIGN_IDENTITY = "iPhone Developer";
				COPY_PHASE_STRIP = NO;
				DEBUG_INFORMATION_FORMAT = dwarf;
				ENABLE_STRICT_OBJC_MSGSEND = YES;
				ENABLE_TESTABILITY = YES;
				GCC_C_LANGUAGE_STANDARD = gnu11;
				GCC_DYNAMIC_NO_PIC = NO;
				GCC_NO_COMMON_BLOCKS = YES;
				GCC_OPTIMIZATION_LEVEL = 0;
				GCC_PREPROCESSOR_DEFINITIONS = (
					"DEBUG=1",
					"$(inherited)",
				);
				GCC_WARN_64_TO_32_BIT_CONVERSION = YES;
				GCC_WARN_ABOUT_RETURN_TYPE = YES_ERROR;
				GCC_WARN_UNDECLARED_SELECTOR = YES;
				GCC_WARN_UNINITIALIZED_AUTOS = YES_AGGRESSIVE;
				GCC_WARN_UNUSED_FUNCTION = YES;
				GCC_WARN_UNUSED_VARIABLE = YES;
				IPHONEOS_DEPLOYMENT_TARGET = 11.0;
				MTL_ENABLE_DEBUG_INFO = YES;
				ONLY_ACTIVE_ARCH = YES;
				SDKROOT = iphoneos;
				SWIFT_ACTIVE_COMPILATION_CONDITIONS = DEBUG;
				SWIFT_OPTIMIZATION_LEVEL = "-Onone";
			};
			name = Debug;
		};
		665847591EF03FDF00045A0D /* Release */ = {
			isa = XCBuildConfiguration;
			buildSettings = {
				ALWAYS_SEARCH_USER_PATHS = NO;
				CLANG_ANALYZER_NONNULL = YES;
				CLANG_ANALYZER_NUMBER_OBJECT_CONVERSION = YES_AGGRESSIVE;
				CLANG_CXX_LANGUAGE_STANDARD = "gnu++14";
				CLANG_CXX_LIBRARY = "libc++";
				CLANG_ENABLE_MODULES = YES;
				CLANG_ENABLE_OBJC_ARC = YES;
				CLANG_WARN_BLOCK_CAPTURE_AUTORELEASING = YES;
				CLANG_WARN_BOOL_CONVERSION = YES;
				CLANG_WARN_COMMA = YES;
				CLANG_WARN_CONSTANT_CONVERSION = YES;
				CLANG_WARN_DIRECT_OBJC_ISA_USAGE = YES_ERROR;
				CLANG_WARN_DOCUMENTATION_COMMENTS = YES;
				CLANG_WARN_EMPTY_BODY = YES;
				CLANG_WARN_ENUM_CONVERSION = YES;
				CLANG_WARN_INFINITE_RECURSION = YES;
				CLANG_WARN_INT_CONVERSION = YES;
				CLANG_WARN_OBJC_ROOT_CLASS = YES_ERROR;
				CLANG_WARN_RANGE_LOOP_ANALYSIS = YES;
				CLANG_WARN_STRICT_PROTOTYPES = YES;
				CLANG_WARN_SUSPICIOUS_MOVE = YES;
				CLANG_WARN_UNGUARDED_AVAILABILITY = YES_AGGRESSIVE;
				CLANG_WARN_UNREACHABLE_CODE = YES;
				CLANG_WARN__DUPLICATE_METHOD_MATCH = YES;
				CODE_SIGN_IDENTITY = "iPhone Developer";
				COPY_PHASE_STRIP = NO;
				DEBUG_INFORMATION_FORMAT = "dwarf-with-dsym";
				ENABLE_NS_ASSERTIONS = NO;
				ENABLE_STRICT_OBJC_MSGSEND = YES;
				GCC_C_LANGUAGE_STANDARD = gnu11;
				GCC_NO_COMMON_BLOCKS = YES;
				GCC_WARN_64_TO_32_BIT_CONVERSION = YES;
				GCC_WARN_ABOUT_RETURN_TYPE = YES_ERROR;
				GCC_WARN_UNDECLARED_SELECTOR = YES;
				GCC_WARN_UNINITIALIZED_AUTOS = YES_AGGRESSIVE;
				GCC_WARN_UNUSED_FUNCTION = YES;
				GCC_WARN_UNUSED_VARIABLE = YES;
				IPHONEOS_DEPLOYMENT_TARGET = 11.0;
				MTL_ENABLE_DEBUG_INFO = NO;
				SDKROOT = iphoneos;
				SWIFT_OPTIMIZATION_LEVEL = "-Owholemodule";
				VALIDATE_PRODUCT = YES;
			};
			name = Release;
		};
		6658475B1EF03FDF00045A0D /* Debug */ = {
			isa = XCBuildConfiguration;
			buildSettings = {
				ASSETCATALOG_COMPILER_APPICON_NAME = AppIcon;
				DEVELOPMENT_TEAM = "";
				INFOPLIST_FILE = "CoreML-Vision-Classification/Info.plist";
				LD_RUNPATH_SEARCH_PATHS = "$(inherited) @executable_path/Frameworks";
				PRODUCT_BUNDLE_IDENTIFIER = "com.l4digital.CoreML-Vision-Classification";
				PRODUCT_NAME = "$(TARGET_NAME)";
				SWIFT_VERSION = 4.0;
				TARGETED_DEVICE_FAMILY = "1,2";
			};
			name = Debug;
		};
		6658475C1EF03FDF00045A0D /* Release */ = {
			isa = XCBuildConfiguration;
			buildSettings = {
				ASSETCATALOG_COMPILER_APPICON_NAME = AppIcon;
				DEVELOPMENT_TEAM = "";
				INFOPLIST_FILE = "CoreML-Vision-Classification/Info.plist";
				LD_RUNPATH_SEARCH_PATHS = "$(inherited) @executable_path/Frameworks";
				PRODUCT_BUNDLE_IDENTIFIER = "com.l4digital.CoreML-Vision-Classification";
				PRODUCT_NAME = "$(TARGET_NAME)";
				SWIFT_VERSION = 4.0;
				TARGETED_DEVICE_FAMILY = "1,2";
			};
			name = Release;
		};
/* End XCBuildConfiguration section */

/* Begin XCConfigurationList section */
		665847431EF03FDF00045A0D /* Build configuration list for PBXProject "CoreML-Vision-Classification" */ = {
			isa = XCConfigurationList;
			buildConfigurations = (
				665847581EF03FDF00045A0D /* Debug */,
				665847591EF03FDF00045A0D /* Release */,
			);
			defaultConfigurationIsVisible = 0;
			defaultConfigurationName = Release;
		};
		6658475A1EF03FDF00045A0D /* Build configuration list for PBXNativeTarget "CoreML-Vision-Classification" */ = {
			isa = XCConfigurationList;
			buildConfigurations = (
				6658475B1EF03FDF00045A0D /* Debug */,
				6658475C1EF03FDF00045A0D /* Release */,
			);
			defaultConfigurationIsVisible = 0;
			defaultConfigurationName = Release;
		};
/* End XCConfigurationList section */
	};
	rootObject = 665847401EF03FDF00045A0D /* Project object */;
}
